# This file is automatically @generated by Cargo.
# It is not intended for manual editing.
version = 4

[[package]]
name = "anstream"
version = "1.0.0"
source = "registry+https://github.com/rust-lang/crates.io-index"
checksum = "824a212faf96e9acacdbd09febd34438f8f711fb84e09a8916013cd7815ca28d"
dependencies = [
 "anstyle",
 "anstyle-parse",
 "anstyle-query",
 "anstyle-wincon",
 "colorchoice",
 "is_terminal_polyfill",
 "utf8parse",
]

[[package]]
name = "anstyle"
version = "1.0.14"
source = "registry+https://github.com/rust-lang/crates.io-index"
checksum = "940b3a0ca603d1eade50a4846a2afffd5ef57a9feac2c0e2ec2e14f9ead76000"

[[package]]
name = "anstyle-parse"
version = "1.0.0"
source = "registry+https://github.com/rust-lang/crates.io-index"
checksum = "52ce7f38b242319f7cabaa6813055467063ecdc9d355bbb4ce0c68908cd8130e"
dependencies = [
 "utf8parse",
]

[[package]]
name = "anstyle-query"
version = "1.1.5"
source = "registry+https://github.com/rust-lang/crates.io-index"
checksum = "40c48f72fd53cd289104fc64099abca73db4166ad86ea0b4341abe65af83dadc"
dependencies = [
 "windows-sys",
]

[[package]]
name = "anstyle-wincon"
version = "3.0.11"
source = "registry+https://github.com/rust-lang/crates.io-index"
checksum = "291e6a250ff86cd4a820112fb8898808a366d8f9f58ce16d1f538353ad55747d"
dependencies = [
 "anstyle",
 "once_cell_polyfill",
 "windows-sys",
]

[[package]]
name = "bytes"
version = "1.12.1"
source = "registry+https://github.com/rust-lang/crates.io-index"
checksum = "fc652a48c352aef3ea3aed32080501cf3ef6ed5da78602a020c991775b0aff04"

[[package]]
name = "cfg-if"
version = "1.0.5"
source = "registry+https://github.com/rust-lang/crates.io-index"
checksum = "4e7648175b45a9a48536d676f68d918270699102aa8dab5496df06904c914600"

[[package]]
name = "clap"
version = "4.6.7"
source = "registry+https://github.com/rust-lang/crates.io-index"
checksum = "aa8876b300ab35ba921adea3dfd70157a46249b33f95c9084ae5709785478946"
dependencies = [
 "clap_builder",
 "clap_derive",
]

[[package]]
name = "clap_builder"
version = "4.6.7"
source = "registry+https://github.com/rust-lang/crates.io-index"
checksum = "ec0797fb7aeb1406c84efac526901f7ec3ead2124f946b494e72879d4b54704d"
dependencies = [
 "anstream",
 "anstyle",
 "clap_lex",
 "strsim",
]

[[package]]
name = "clap_derive"
version = "4.6.7"
source = "registry+https://github.com/rust-lang/crates.io-index"
checksum = "f9c751b79415d4e559e3d1fcf128e09e720eb673a06d26cf6f392d37d75b66e0"
dependencies = [
 "heck",
 "proc-macro2",
 "quote",
 "syn",
]

[[package]]
name = "clap_lex"
version = "1.1.1"
source = "registry+https://github.com/rust-lang/crates.io-index"
checksum = "1c133bc6a41be0d194c306b5506d15e6feeea7b1d6604bd3f8310dfb2ca96486"

[[package]]
name = "colorchoice"
version = "1.0.5"
source = "registry+https://github.com/rust-lang/crates.io-index"
checksum = "1d07550c9036bf2ae0c684c4297d503f838287c83c53686d05370d0e139ae570"

[[package]]
name = "deranged"
version = "0.5.8"
source = "registry+https://github.com/rust-lang/crates.io-index"
checksum = "7cd812cc2bc1d69d4764bd80df88b4317eaef9e773c75226407d9bc0876b211c"

[[package]]
name = "equivalent"
version = "1.0.2"
source = "registry+https://github.com/rust-lang/crates.io-index"
checksum = "877a4ace8713b0bcf2a4e7eec82529c029f1d0619886d18145fea96c3ffe5c0f"

[[package]]
name = "hashbrown"
version = "0.17.1"
source = "registry+https://github.com/rust-lang/crates.io-index"
checksum = "ed5909b6e89a2db4456e54cd5f673791d7eca6732202bbf2a9cc504fe2f9b84a"

[[package]]
name = "heck"
version = "0.5.0"
source = "registry+https://github.com/rust-lang/crates.io-index"
checksum = "2304e00983f87ffb38b55b444b5e3b60a884b5d30c0fca7d82fe33449bbe55ea"

[[package]]
name = "hostname"
version = "0.4.2"
source = "registry+https://github.com/rust-lang/crates.io-index"
checksum = "617aaa3557aef3810a6369d0a99fac8a080891b68bd9f9812a1eeda0c0730cbd"
dependencies = [
 "cfg-if",
 "libc",
 "windows-link",
]

[[package]]
name = "indexmap"
version = "2.14.2"
source = "registry+https://github.com/rust-lang/crates.io-index"
checksum = "cc4e190f5d26ca7051642629da2c52fc03bde85a03197c99408dcd291734c855"
dependencies = [
 "equivalent",
 "hashbrown",
]

[[package]]
name = "is_terminal_polyfill"
version = "1.70.2"
source = "registry+https://github.com/rust-lang/crates.io-index"
checksum = "a6cb138bb79a146c1bd460005623e142ef0181e3d0219cb493e02f7d08a35695"

[[package]]
name = "itoa"
version = "1.0.18"
source = "registry+https://github.com/rust-lang/crates.io-index"
checksum = "8f42a60cbdf9a97f5d2305f08a87dc4e09308d1276d28c869c684d7777685682"

[[package]]
name = "libc"
version = "0.2.189"
source = "registry+https://github.com/rust-lang/crates.io-index"
checksum = "3eaf3ede3fee6db1a4c2ee091bf8a8b4dccdc6d17f656fb07896ee72867612f2"

[[package]]
name = "log"
version = "0.4.34"
source = "registry+https://github.com/rust-lang/crates.io-index"
checksum = "f9f8bd3e56ce4dfc153cf470fffbfa98c7620958b312ca5c3a4b8d5181fd13c6"

[[package]]
name = "memchr"
version = "2.8.3"
source = "registry+https://github.com/rust-lang/crates.io-index"
checksum = "cf8baf1c55e62ffcace7a9f06f4bd9cd3f0c4beb022d3b367256b91b87513d98"

[[package]]
name = "netlink-packet-core"
version = "0.9.0"
source = "registry+https://github.com/rust-lang/crates.io-index"
checksum = "2d6e2daf9a8c2e21302714706860a0e6be02e03d17294ecc66b354ea7d4059dd"

[[package]]
name = "netlink-sys"
version = "0.9.0"
source = "registry+https://github.com/rust-lang/crates.io-index"
checksum = "c99d38e00b420df49e940fe0826e667c3dad82ac68eb4c2bbf754c1c14a83a10"
dependencies = [
 "bytes",
 "libc",
 "log",
]

[[package]]
name = "nflog2syslog"
version = "0.1.0"
dependencies = [
 "clap",
 "libc",
 "netlink-packet-core",
 "netlink-sys",
 "packet-dissector",
 "serde_json",
 "syslog",
 "time",
]

[[package]]
name = "num-conv"
version = "0.2.2"
source = "registry+https://github.com/rust-lang/crates.io-index"
checksum = "521739c6d2bac4aa25192232afe6841231376b2b26d4d9fae5ecf8ca5772e441"

[[package]]
name = "num_threads"
version = "0.1.7"
source = "registry+https://github.com/rust-lang/crates.io-index"
checksum = "5c7398b9c8b70908f6371f47ed36737907c87c52af34c268fed0bf0ceb92ead9"
dependencies = [
 "libc",
]

[[package]]
name = "once_cell_polyfill"
version = "1.70.2"
source = "registry+https://github.com/rust-lang/crates.io-index"
checksum = "384b8ab6d37215f3c5301a95a4accb5d64aa607f1fcb26a11b5303878451b4fe"

[[package]]
name = "packet-dissector"
version = "0.6.0"
source = "registry+https://github.com/rust-lang/crates.io-index"
checksum = "266c1bbe0ff4c92d31649936fd0749fa281a299298a50daa1109e24133074e8b"
dependencies = [
 "packet-dissector-ah",
 "packet-dissector-arp",
 "packet-dissector-core",
 "packet-dissector-dhcp",
 "packet-dissector-dhcpv6",
 "packet-dissector-dns",
 "packet-dissector-esp",
 "packet-dissector-gre",
 "packet-dissector-icmp",
 "packet-dissector-icmpv6",
 "packet-dissector-ipv4",
 "packet-dissector-ipv6",
 "packet-dissector-l2tp",
 "packet-dissector-llmnr",
 "packet-dissector-mdns",
 "packet-dissector-ntp",
 "packet-dissector-raw-ip",
 "packet-dissector-reassembly",
 "packet-dissector-snmp",
 "packet-dissector-tcp",
 "packet-dissector-udp",
 "packet-dissector-vxlan",
]

[[package]]
name = "packet-dissector-ah"
version = "0.6.0"
source = "registry+https://github.com/rust-lang/crates.io-index"
checksum = "ebb2f22320258da6d819d247236592e6717959eb5dde561aa6efabf9a64b3472"
dependencies = [
 "packet-dissector-core",
]

[[package]]
name = "packet-dissector-arp"
version = "0.6.0"
source = "registry+https://github.com/rust-lang/crates.io-index"
checksum = "252765691164492b264a34cedd0743bffcf0b87894fc15b7109b3e35929c542a"
dependencies = [
 "packet-dissector-core",
]

[[package]]
name = "packet-dissector-core"
version = "0.6.0"
source = "registry+https://github.com/rust-lang/crates.io-index"
checksum = "e4a83364f46316bad9fb646faad06ae1d7283972556ff00b57fb4d4156acce41"
dependencies = [
 "thiserror",
]

[[package]]
name = "packet-dissector-dhcp"
version = "0.6.0"
source = "registry+https://github.com/rust-lang/crates.io-index"
checksum = "cf8fb6b1e503673f5fc1af8da58645c9b137abe5d74185b00f56adbf11426140"
dependencies = [
 "packet-dissector-core",
]

[[package]]
name = "packet-dissector-dhcpv6"
version = "0.6.0"
source = "registry+https://github.com/rust-lang/crates.io-index"
checksum = "89a79f79b8a4a3e8b4010dc4b47de7f0e37e63b8a15b0cf18f163090448411e0"
dependencies = [
 "packet-dissector-core",
]

[[package]]
name = "packet-dissector-dns"
version = "0.6.0"
source = "registry+https://github.com/rust-lang/crates.io-index"
checksum = "199c11c3e9a2ccc891c253145cad970140203fb50c653804cc2a20409741af82"
dependencies = [
 "packet-dissector-core",
]

[[package]]
name = "packet-dissector-esp"
version = "0.6.0"
source = "registry+https://github.com/rust-lang/crates.io-index"
checksum = "e3c9b951f2b66e6f74fa92851a576800987b357b957c5eebe30b998fa9992b65"
dependencies = [
 "packet-dissector-core",
]

[[package]]
name = "packet-dissector-gre"
version = "0.6.0"
source = "registry+https://github.com/rust-lang/crates.io-index"
checksum = "772cf98d33bf9b353af62b8b29a17cc1255da004feb6aa6e6f3dda17f3271ea3"
dependencies = [
 "packet-dissector-core",
]

[[package]]
name = "packet-dissector-icmp"
version = "0.6.0"
source = "registry+https://github.com/rust-lang/crates.io-index"
checksum = "de411ec0a64cb4025c65ce8a8de1f320a7e86b8ff8728a4a9e1bc01d6a7f3d30"
dependencies = [
 "packet-dissector-core",
]

[[package]]
name = "packet-dissector-icmpv6"
version = "0.6.0"
source = "registry+https://github.com/rust-lang/crates.io-index"
checksum = "ad187fcaf39f9701825c7add1c353e9230f16d4a19ec32d0c97394d6014f8de0"
dependencies = [
 "packet-dissector-core",
]

[[package]]
name = "packet-dissector-ipv4"
version = "0.6.0"
source = "registry+https://github.com/rust-lang/crates.io-index"
checksum = "a53b95514f5737301dc109b742eefe7b559a961b60ee97912c5c79c0ac840e29"
dependencies = [
 "packet-dissector-core",
]

[[package]]
name = "packet-dissector-ipv6"
version = "0.6.0"
source = "registry+https://github.com/rust-lang/crates.io-index"
checksum = "264477d0569558b3128af2c1f05e8aa61c945d808cfdd3dcf851c98e715ef1ed"
dependencies = [
 "packet-dissector-core",
]

[[package]]
name = "packet-dissector-l2tp"
version = "0.6.0"
source = "registry+https://github.com/rust-lang/crates.io-index"
checksum = "ddafa42ead6ae3eecdd9d4615f452ddf45863c1811363c95222d5674c6e573e7"
dependencies = [
 "packet-dissector-core",
]

[[package]]
name = "packet-dissector-llmnr"
version = "0.6.0"
source = "registry+https://github.com/rust-lang/crates.io-index"
checksum = "26ef37e5b86d4a54c560e39d7d884d266e058ac38fe7718d0c2f296dadb9669a"
dependencies = [
 "packet-dissector-core",
 "packet-dissector-dns",
]

[[package]]
name = "packet-dissector-mdns"
version = "0.6.0"
source = "registry+https://github.com/rust-lang/crates.io-index"
checksum = "c853fe1ae9e05b124f6fb395c0e9f9afcd79234503b22693ec24896b88d361c7"
dependencies = [
 "packet-dissector-core",
 "packet-dissector-dns",
]

[[package]]
name = "packet-dissector-ntp"
version = "0.6.0"
source = "registry+https://github.com/rust-lang/crates.io-index"
checksum = "0e05f5b68160505abe609f00006d47750f1c3e7bf92b8bf3d8830ccdf3e0a135"
dependencies = [
 "packet-dissector-core",
]

[[package]]
name = "packet-dissector-raw-ip"
version = "0.6.0"
source = "registry+https://github.com/rust-lang/crates.io-index"
checksum = "bb15c49a3c3fab081aab8bab0232f456ad53d8684b96eb0e0b0553fde0194d52"
dependencies = [
 "packet-dissector-core",
]

[[package]]
name = "packet-dissector-reassembly"
version = "0.6.0"
source = "registry+https://github.com/rust-lang/crates.io-index"
checksum = "54a26a32377370ca29ae438e76b4246cf5accf8bdd11b1f68d11b8f69b41a75c"
dependencies = [
 "thiserror",
]

[[package]]
name = "packet-dissector-snmp"
version = "0.6.0"
source = "registry+https://github.com/rust-lang/crates.io-index"
checksum = "3dcbe8084475b213585fd6501dc1b5aa220e689531fa4741d4b3b37d115ee976"
dependencies = [
 "packet-dissector-core",
]

[[package]]
name = "packet-dissector-tcp"
version = "0.6.0"
source = "registry+https://github.com/rust-lang/crates.io-index"
checksum = "e700da7318a1a43a0c410bf3717515f7bf83b400c48257af4732337d0827a559"
dependencies = [
 "packet-dissector-core",
]

[[package]]
name = "packet-dissector-udp"
version = "0.6.0"
source = "registry+https://github.com/rust-lang/crates.io-index"
checksum = "a90e35f7cc654e62dc7f6f6c3088c329409bb62701776135cd137416e4a23474"
dependencies = [
 "packet-dissector-core",
]

[[package]]
name = "packet-dissector-vxlan"
version = "0.6.0"
source = "registry+https://github.com/rust-lang/crates.io-index"
checksum = "92e0fad1f036ed2f8153523ab7e2c8c3f32ac40caeed5838baeaae66b81122d1"
dependencies = [
 "packet-dissector-core",
]

[[package]]
name = "powerfmt"
version = "0.2.0"
source = "registry+https://github.com/rust-lang/crates.io-index"
checksum = "439ee305def115ba05938db6eb1644ff94165c5ab5e9420d1c1bcedbba909391"

[[package]]
name = "proc-macro2"
version = "1.0.107"
source = "registry+https://github.com/rust-lang/crates.io-index"
checksum = "985e7ec9bb745e6ce6535b544d84d6cd6f7ad8bd711c398938ae983b91a766d9"
dependencies = [
 "unicode-ident",
]

[[package]]
name = "quote"
version = "1.0.47"
source = "registry+https://github.com/rust-lang/crates.io-index"
checksum = "1fbf4db142a473a8d80c26bbf18454ed458bf8d26c8219c331daecfdbd079001"
dependencies = [
 "proc-macro2",
]

[[package]]
name = "serde"
version = "1.0.229"
source = "registry+https://github.com/rust-lang/crates.io-index"
checksum = "4148590afebada386688f18773da617792bf2ef03ffc1e4cbd2b1d45b023e0ba"
dependencies = [
 "serde_core",
]

[[package]]
name = "serde_core"
version = "1.0.229"
source = "registry+https://github.com/rust-lang/crates.io-index"
checksum = "67dca2c9c51e58a4791a4b1ed58308b39c64224d349a935ab5039aa360942a48"
dependencies = [
 "serde_derive",
]

[[package]]
name = "serde_derive"
version = "1.0.229"
source = "registry+https://github.com/rust-lang/crates.io-index"
checksum = "e7a5d71263a5a7d47b41f6b3f06ba276f10cc18b0931f1799f710578e2309348"
dependencies = [
 "proc-macro2",
 "quote",
 "syn",
]

[[package]]
name = "serde_json"
version = "1.0.151"
source = "registry+https://github.com/rust-lang/crates.io-index"
checksum = "c841b55ecdae098c80dcae9cf767f6f8a0c2cdb3416bbef72181df4d0fe73f14"
dependencies = [
 "indexmap",
 "itoa",
 "memchr",
 "serde",
 "serde_core",
 "zmij",
]

[[package]]
name = "strsim"
version = "0.11.1"
source = "registry+https://github.com/rust-lang/crates.io-index"
checksum = "7da8b5736845d9f2fcb837ea5d9e2628564b3b043a70948a3f0b778838c5fb4f"

[[package]]
name = "syn"
version = "3.0.6"
source = "registry+https://github.com/rust-lang/crates.io-index"
checksum = "8593e8e72159ed2257d083c7a454a85cbf854f37a0966d8d483aff8c8a3ebcee"
dependencies = [
 "proc-macro2",
 "quote",
 "unicode-ident",
]

[[package]]
name = "syslog"
version = "7.0.0"
source = "registry+https://github.com/rust-lang/crates.io-index"
checksum = "019f1500a13379b7d051455df397c75770de6311a7a188a699499502704d9f10"
dependencies = [
 "hostname",
 "libc",
 "log",
 "time",
]

[[package]]
name = "thiserror"
version = "2.0.21"
source = "registry+https://github.com/rust-lang/crates.io-index"
checksum = "09e52cb86a36cede5cb101bf8908837b3e4c6e5e59fe7fd85c23fb56200d189e"
dependencies = [
 "thiserror-impl",
]

[[package]]
name = "thiserror-impl"
version = "2.0.21"
source = "registry+https://github.com/rust-lang/crates.io-index"
checksum = "fe5197923287db20a58125f0bc85c062f7f2c892de97b18c356f9efb14b28524"
dependencies = [
 "proc-macro2",
 "quote",
 "syn",
]

[[package]]
name = "time"
version = "0.3.55"
source = "registry+https://github.com/rust-lang/crates.io-index"
checksum = "cdb87b95ec50ddfa440816d227a17b2ccbdda963a316a727fda0fc4334f7d134"
dependencies = [
 "deranged",
 "libc",
 "num-conv",
 "num_threads",
 "powerfmt",
 "serde_core",
 "time-core",
 "time-macros",
]

[[package]]
name = "time-core"
version = "0.1.9"
source = "registry+https://github.com/rust-lang/crates.io-index"
checksum = "9e1c906769ad99c88eaa54e728060edef082f8e358ff32030cb7c7d315e81109"

[[package]]
name = "time-macros"
version = "0.2.32"
source = "registry+https://github.com/rust-lang/crates.io-index"
checksum = "7e689342a48d2ea927c87ea50cabf8594854bf940e9310208848d680d668ed85"
dependencies = [
 "num-conv",
 "time-core",
]

[[package]]
name = "unicode-ident"
version = "1.0.26"
source = "registry+https://github.com/rust-lang/crates.io-index"
checksum = "d245f478577f809a851594d02313b640fb437e0bb33866753cff937863096954"

[[package]]
name = "utf8parse"
version = "0.2.2"
source = "registry+https://github.com/rust-lang/crates.io-index"
checksum = "06abde3611657adf66d383f00b093d7faecc7fa57071cce2578660c9f1010821"

[[package]]
name = "windows-link"
version = "0.2.1"
source = "registry+https://github.com/rust-lang/crates.io-index"
checksum = "f0805222e57f7521d6a62e36fa9163bc891acd422f971defe97d64e70d0a4fe5"

[[package]]
name = "windows-sys"
version = "0.61.2"
source = "registry+https://github.com/rust-lang/crates.io-index"
checksum = "ae137229bcbd6cdf0f7b80a31df61766145077ddf49416a728b02cb3921ff3fc"
dependencies = [
 "windows-link",
]

[[package]]
name = "zmij"
version = "1.0.23"
source = "registry+https://github.com/rust-lang/crates.io-index"
checksum = "29666d0abbfad1e3dc4dcf6144730dd3a3ab225bbbdac83319345b1b44ccfc1b"
